<?xml version="1.0" encoding="utf-8"?>
<Project ToolsVersion="4.0" xmlns="http://schemas.microsoft.com/developer/msbuild/2003">
  <ItemGroup>
    <MASM Include="P0_Plantilla.asm" />
    <MASM Include="P1_mensajeEmergente.asm" />
    <MASM Include="P2_respMsjEmergente.asm" />
    <MASM Include="P3_mensajeEspera.asm" />
    <MASM Include="P4_numerosAleatorios_parte1.asm" />
    <MASM Include="P5_numerosAleatorios_parte2.asm" />
    <MASM Include="P6_delay.asm" />
    <MASM Include="P7_ejemploSumaConProcs.asm" />
    <MASM Include="P8_Macro_ImpPantalla.asm" />
    <MASM Include="P9_UsoLibMacros.asm" />
    <MASM Include="P10_SumaMacro_V1.asm" />
    <MASM Include="P11_SumaMacro_V2.asm" />
    <MASM Include="P12_SumaMacro_V3.asm" />
    <MASM Include="P13_LimpiaPantalla.asm" />
    <MASM Include="P14_LeerEscribirCaracter.asm" />
    <MASM Include="P15_SumaConsecutiva.asm" />
  </ItemGroup>
  <ItemGroup>
    <Object Include="..\..\..\..\..\..\Irvine\Lib32\Irvine32_Library\Irvine32.obj" />
  </ItemGroup>
  <ItemGroup>
    <None Include="MACROS.inc" />
  </ItemGroup>
</Project>